
Microsoft Visual Studio Solution File, Format Version 12.00
# Visual Studio Version 17
VisualStudioVersion = 17.3.32901.215
MinimumVisualStudioVersion = 10.0.40219.1
Project("{FAE04EC0-301F-11D3-BF4B-00C04F79EFBC}") = "Swap_Number", "Swap_Number\Swap_Number.csproj", "{C6DA85B0-5741-4065-8F69-9BA1484CD35B}"
EndProject
Global
	GlobalSection(SolutionConfigurationPlatforms) = preSolution
		Debug|Any CPU = Debug|Any CPU
		Release|Any CPU = Release|Any CPU
	EndGlobalSection
	GlobalSection(ProjectConfigurationPlatforms) = postSolution
		{C6DA85B0-5741-4065-8F69-9BA1484CD35B}.Debug|Any CPU.ActiveCfg = Debug|Any CPU
		{C6DA85B0-5741-4065-8F69-9BA1484CD35B}.Debug|Any CPU.Build.0 = Debug|Any CPU
		{C6DA85B0-5741-4065-8F69-9BA1484CD35B}.Release|Any CPU.ActiveCfg = Release|Any CPU
		{C6DA85B0-5741-4065-8F69-9BA1484CD35B}.Release|Any CPU.Build.0 = Release|Any CPU
	EndGlobalSection
	GlobalSection(SolutionProperties) = preSolution
		HideSolutionNode = FALSE
	EndGlobalSection
	GlobalSection(ExtensibilityGlobals) = postSolution
		SolutionGuid = {D1CF74EC-702B-4289-B761-DD11C2D929CD}
	EndGlobalSection
EndGlobal
